
Microsoft Visual Studio Solution File, Format Version 12.00
# Visual Studio 14
VisualStudioVersion = 14.0.23107.0
MinimumVisualStudioVersion = 10.0.40219.1
Project("{FAE04EC0-301F-11D3-BF4B-00C04F79EFBC}") = "CanCarminaTest", "CanCarminaTest\CanCarminaTest.csproj", "{94D91EA0-F8A2-4F7F-8987-E90F71B7E623}"
EndProject
Global
	GlobalSection(SolutionConfigurationPlatforms) = preSolution
		Debug|Any CPU = Debug|Any CPU
		Release|Any CPU = Release|Any CPU
	EndGlobalSection
	GlobalSection(ProjectConfigurationPlatforms) = postSolution
		{94D91EA0-F8A2-4F7F-8987-E90F71B7E623}.Debug|Any CPU.ActiveCfg = Debug|Any CPU
		{94D91EA0-F8A2-4F7F-8987-E90F71B7E623}.Debug|Any CPU.Build.0 = Debug|Any CPU
		{94D91EA0-F8A2-4F7F-8987-E90F71B7E623}.Release|Any CPU.ActiveCfg = Release|Any CPU
		{94D91EA0-F8A2-4F7F-8987-E90F71B7E623}.Release|Any CPU.Build.0 = Release|Any CPU
	EndGlobalSection
	GlobalSection(SolutionProperties) = preSolution
		HideSolutionNode = FALSE
	EndGlobalSection
EndGlobal
